
Microsoft Visual Studio Solution File, Format Version 12.00
# Visual Studio Version 17
VisualStudioVersion = 17.8.34408.163
MinimumVisualStudioVersion = 10.0.40219.1
Project("{FAE04EC0-301F-11D3-BF4B-00C04F79EFBC}") = "Homework 9", "Homework 9\Homework 9.csproj", "{E3F93DEC-267E-447B-97D8-63FB270EDAFE}"
EndProject
Global
	GlobalSection(SolutionConfigurationPlatforms) = preSolution
		Debug|Any CPU = Debug|Any CPU
		Release|Any CPU = Release|Any CPU
	EndGlobalSection
	GlobalSection(ProjectConfigurationPlatforms) = postSolution
		{E3F93DEC-267E-447B-97D8-63FB270EDAFE}.Debug|Any CPU.ActiveCfg = Debug|Any CPU
		{E3F93DEC-267E-447B-97D8-63FB270EDAFE}.Debug|Any CPU.Build.0 = Debug|Any CPU
		{E3F93DEC-267E-447B-97D8-63FB270EDAFE}.Release|Any CPU.ActiveCfg = Release|Any CPU
		{E3F93DEC-267E-447B-97D8-63FB270EDAFE}.Release|Any CPU.Build.0 = Release|Any CPU
	EndGlobalSection
	GlobalSection(SolutionProperties) = preSolution
		HideSolutionNode = FALSE
	EndGlobalSection
	GlobalSection(ExtensibilityGlobals) = postSolution
		SolutionGuid = {4F2265B1-BBB7-4765-BD47-C6B5E2ED2DBA}
	EndGlobalSection
EndGlobal
